
Microsoft Visual Studio Solution File, Format Version 12.00
# Visual Studio Version 17
VisualStudioVersion = 17.4.33205.214
MinimumVisualStudioVersion = 10.0.40219.1
Project("{FAE04EC0-301F-11D3-BF4B-00C04F79EFBC}") = "Linked list", "Linked list\Linked list.csproj", "{E91695F1-3C1D-49BF-8F2C-20EF4319B2B0}"
EndProject
Global
	GlobalSection(SolutionConfigurationPlatforms) = preSolution
		Debug|Any CPU = Debug|Any CPU
		Release|Any CPU = Release|Any CPU
	EndGlobalSection
	GlobalSection(ProjectConfigurationPlatforms) = postSolution
		{E91695F1-3C1D-49BF-8F2C-20EF4319B2B0}.Debug|Any CPU.ActiveCfg = Debug|Any CPU
		{E91695F1-3C1D-49BF-8F2C-20EF4319B2B0}.Debug|Any CPU.Build.0 = Debug|Any CPU
		{E91695F1-3C1D-49BF-8F2C-20EF4319B2B0}.Release|Any CPU.ActiveCfg = Release|Any CPU
		{E91695F1-3C1D-49BF-8F2C-20EF4319B2B0}.Release|Any CPU.Build.0 = Release|Any CPU
	EndGlobalSection
	GlobalSection(SolutionProperties) = preSolution
		HideSolutionNode = FALSE
	EndGlobalSection
	GlobalSection(ExtensibilityGlobals) = postSolution
		SolutionGuid = {84CD0109-5463-4F29-A7D0-05497E187D22}
	EndGlobalSection
EndGlobal
