
Microsoft Visual Studio Solution File, Format Version 12.00
# Visual Studio 15
VisualStudioVersion = 15.0.28307.1231
MinimumVisualStudioVersion = 10.0.40219.1
Project("{FAE04EC0-301F-11D3-BF4B-00C04F79EFBC}") = "Stack", "Stack\Stack.csproj", "{2AE1940A-AB13-4B07-BC94-0560F0A189F1}"
EndProject
Global
	GlobalSection(SolutionConfigurationPlatforms) = preSolution
		Debug|Any CPU = Debug|Any CPU
		Release|Any CPU = Release|Any CPU
	EndGlobalSection
	GlobalSection(ProjectConfigurationPlatforms) = postSolution
		{2AE1940A-AB13-4B07-BC94-0560F0A189F1}.Debug|Any CPU.ActiveCfg = Debug|Any CPU
		{2AE1940A-AB13-4B07-BC94-0560F0A189F1}.Debug|Any CPU.Build.0 = Debug|Any CPU
		{2AE1940A-AB13-4B07-BC94-0560F0A189F1}.Release|Any CPU.ActiveCfg = Release|Any CPU
		{2AE1940A-AB13-4B07-BC94-0560F0A189F1}.Release|Any CPU.Build.0 = Release|Any CPU
	EndGlobalSection
	GlobalSection(SolutionProperties) = preSolution
		HideSolutionNode = FALSE
	EndGlobalSection
	GlobalSection(ExtensibilityGlobals) = postSolution
		SolutionGuid = {30543A2A-6190-40AF-8C7A-D3271452079A}
	EndGlobalSection
EndGlobal
