
Microsoft Visual Studio Solution File, Format Version 12.00
# Visual Studio 15
VisualStudioVersion = 15.0.28307.1231
MinimumVisualStudioVersion = 10.0.40219.1
Project("{FAE04EC0-301F-11D3-BF4B-00C04F79EFBC}") = "HashTableProject", "HashTableProject\HashTableProject.csproj", "{502C2B5B-686F-4A2E-A52F-761580D22A94}"
EndProject
Global
	GlobalSection(SolutionConfigurationPlatforms) = preSolution
		Debug|Any CPU = Debug|Any CPU
		Release|Any CPU = Release|Any CPU
	EndGlobalSection
	GlobalSection(ProjectConfigurationPlatforms) = postSolution
		{502C2B5B-686F-4A2E-A52F-761580D22A94}.Debug|Any CPU.ActiveCfg = Debug|Any CPU
		{502C2B5B-686F-4A2E-A52F-761580D22A94}.Debug|Any CPU.Build.0 = Debug|Any CPU
		{502C2B5B-686F-4A2E-A52F-761580D22A94}.Release|Any CPU.ActiveCfg = Release|Any CPU
		{502C2B5B-686F-4A2E-A52F-761580D22A94}.Release|Any CPU.Build.0 = Release|Any CPU
	EndGlobalSection
	GlobalSection(SolutionProperties) = preSolution
		HideSolutionNode = FALSE
	EndGlobalSection
	GlobalSection(ExtensibilityGlobals) = postSolution
		SolutionGuid = {4165CD1D-C9BD-4A16-B445-C78321690D64}
	EndGlobalSection
EndGlobal
